// !$*UTF8*$!
{
	archiveVersion = 1;
	classes = {
	};
	objectVersion = 48;
	objects = {

/* Begin PBXBuildFile section */
		A64420B01F9384F700991F7E /* AppDelegate.m in Sources */ = {isa = PBXBuildFile; fileRef = A64420AF1F9384F700991F7E /* AppDelegate.m */; };
		A64420B91F9384F700991F7E /* GymLive.xcdatamodeld in Sources */ = {isa = PBXBuildFile; fileRef = A64420B71F9384F700991F7E /* GymLive.xcdatamodeld */; };
		A64420BB1F9384F700991F7E /* Assets.xcassets in Resources */ = {isa = PBXBuildFile; fileRef = A64420BA1F9384F700991F7E /* Assets.xcassets */; };
		A64420BE1F9384F700991F7E /* LaunchScreen.storyboard in Resources */ = {isa = PBXBuildFile; fileRef = A64420BC1F9384F700991F7E /* LaunchScreen.storyboard */; };
		A64420C11F9384F700991F7E /* main.m in Sources */ = {isa = PBXBuildFile; fileRef = A64420C01F9384F700991F7E /* main.m */; };
/* End PBXBuildFile section */

/* Begin PBXFileReference section */
		A64420AB1F9384F700991F7E /* GymLive.app */ = {isa = PBXFileReference; explicitFileType = wrapper.application; includeInIndex = 0; path = GymLive.app; sourceTree = BUILT_PRODUCTS_DIR; };
		A64420AE1F9384F700991F7E /* AppDelegate.h */ = {isa = PBXFileReference; lastKnownFileType = sourcecode.c.h; path = AppDelegate.h; sourceTree = "<group>"; };
		A64420AF1F9384F700991F7E /* AppDelegate.m */ = {isa = PBXFileReference; lastKnownFileType = sourcecode.c.objc; path = AppDelegate.m; sourceTree = "<group>"; };
		A64420B81F9384F700991F7E /* GymLive.xcdatamodel */ = {isa = PBXFileReference; lastKnownFileType = wrapper.xcdatamodel; path = GymLive.xcdatamodel; sourceTree = "<group>"; };
		A64420BA1F9384F700991F7E /* Assets.xcassets */ = {isa = PBXFileReference; lastKnownFileType = folder.assetcatalog; path = Assets.xcassets; sourceTree = "<group>"; };
		A64420BD1F9384F700991F7E /* Base */ = {isa = PBXFileReference; lastKnownFileType = file.storyboard; name = Base; path = Base.lproj/LaunchScreen.storyboard; sourceTree = "<group>"; };
		A64420BF1F9384F700991F7E /* Info.plist */ = {isa = PBXFileReference; lastKnownFileType = text.plist.xml; path = Info.plist; sourceTree = "<group>"; };
		A64420C01F9384F700991F7E /* main.m */ = {isa = PBXFileReference; lastKnownFileType = sourcecode.c.objc; path = main.m; sourceTree = "<group>"; };
/* End PBXFileReference section */

/* Begin PBXFrameworksBuildPhase section */
		A64420A81F9384F700991F7E /* Frameworks */ = {
			isa = PBXFrameworksBuildPhase;
			buildActionMask = 2147483647;
			files = (
			);
			runOnlyForDeploymentPostprocessing = 0;
		};
/* End PBXFrameworksBuildPhase section */

/* Begin PBXGroup section */
		A64420A21F9384F700991F7E = {
			isa = PBXGroup;
			children = (
				A64420AD1F9384F700991F7E /* GymLive */,
				A64420AC1F9384F700991F7E /* Products */,
			);
			sourceTree = "<group>";
		};
		A64420AC1F9384F700991F7E /* Products */ = {
			isa = PBXGroup;
			children = (
				A64420AB1F9384F700991F7E /* GymLive.app */,
			);
			name = Products;
			sourceTree = "<group>";
		};
		A64420AD1F9384F700991F7E /* GymLive */ = {
			isa = PBXGroup;
			children = (
				A64420AE1F9384F700991F7E /* AppDelegate.h */,
				A64420AF1F9384F700991F7E /* AppDelegate.m */,
				A64420BA1F9384F700991F7E /* Assets.xcassets */,
				A64420BC1F9384F700991F7E /* LaunchScreen.storyboard */,
				A64420BF1F9384F700991F7E /* Info.plist */,
				A64420C01F9384F700991F7E /* main.m */,
				A64420B71F9384F700991F7E /* GymLive.xcdatamodeld */,
			);
			path = GymLive;
			sourceTree = "<group>";
		};
/* End PBXGroup section */

/* Begin PBXNativeTarget section */
		A64420AA1F9384F700991F7E /* GymLive */ = {
			isa = PBXNativeTarget;
			buildConfigurationList = A64420C41F9384F700991F7E /* Build configuration list for PBXNativeTarget "GymLive" */;
			buildPhases = (
				A64420A71F9384F700991F7E /* Sources */,
				A64420A81F9384F700991F7E /* Frameworks */,
				A64420A91F9384F700991F7E /* Resources */,
			);
			buildRules = (
			);
			dependencies = (
			);
			name = GymLive;
			productName = GymLive;
			productReference = A64420AB1F9384F700991F7E /* GymLive.app */;
			productType = "com.apple.product-type.application";
		};
/* End PBXNativeTarget section */

/* Begin PBXProject section */
		A64420A31F9384F700991F7E /* Project object */ = {
			isa = PBXProject;
			attributes = {
				LastUpgradeCheck = 0900;
				ORGANIZATIONNAME = "Olexandr Matviichuk";
				TargetAttributes = {
					A64420AA1F9384F700991F7E = {
						CreatedOnToolsVersion = 9.0;
						ProvisioningStyle = Automatic;
					};
				};
			};
			buildConfigurationList = A64420A61F9384F700991F7E /* Build configuration list for PBXProject "GymLive" */;
			compatibilityVersion = "Xcode 8.0";
			developmentRegion = en;
			hasScannedForEncodings = 0;
			knownRegions = (
				en,
				Base,
			);
			mainGroup = A64420A21F9384F700991F7E;
			productRefGroup = A64420AC1F9384F700991F7E /* Products */;
			projectDirPath = "";
			projectRoot = "";
			targets = (
				A64420AA1F9384F700991F7E /* GymLive */,
			);
		};
/* End PBXProject section */

/* Begin PBXResourcesBuildPhase section */
		A64420A91F9384F700991F7E /* Resources */ = {
			isa = PBXResourcesBuildPhase;
			buildActionMask = 2147483647;
			files = (
				A64420BE1F9384F700991F7E /* LaunchScreen.storyboard in Resources */,
				A64420BB1F9384F700991F7E /* Assets.xcassets in Resources */,
			);
			runOnlyForDeploymentPostprocessing = 0;
		};
/* End PBXResourcesBuildPhase section */

/* Begin PBXSourcesBuildPhase section */
		A64420A71F9384F700991F7E /* Sources */ = {
			isa = PBXSourcesBuildPhase;
			buildActionMask = 2147483647;
			files = (
				A64420B91F9384F700991F7E /* GymLive.xcdatamodeld in Sources */,
				A64420C11F9384F700991F7E /* main.m in Sources */,
				A64420B01F9384F700991F7E /* AppDelegate.m in Sources */,
			);
			runOnlyForDeploymentPostprocessing = 0;
		};
/* End PBXSourcesBuildPhase section */

/* Begin PBXVariantGroup section */
		A64420BC1F9384F700991F7E /* LaunchScreen.storyboard */ = {
			isa = PBXVariantGroup;
			children = (
				A64420BD1F9384F700991F7E /* Base */,
			);
			name = LaunchScreen.storyboard;
			sourceTree = "<group>";
		};
/* End PBXVariantGroup section */

/* Begin XCBuildConfiguration section */
		A64420C21F9384F700991F7E /* Debug */ = {
			isa = XCBuildConfiguration;
			buildSettings = {
				ALWAYS_SEARCH_USER_PATHS = NO;
				CLANG_ANALYZER_NONNULL = YES;
				CLANG_ANALYZER_NUMBER_OBJECT_CONVERSION = YES_AGGRESSIVE;
				CLANG_CXX_LANGUAGE_STANDARD = "gnu++14";
				CLANG_CXX_LIBRARY = "libc++";
				CLANG_ENABLE_MODULES = YES;
				CLANG_ENABLE_OBJC_ARC = YES;
				CLANG_WARN_BLOCK_CAPTURE_AUTORELEASING = YES;
				CLANG_WARN_BOOL_CONVERSION = YES;
				CLANG_WARN_COMMA = YES;
				CLANG_WARN_CONSTANT_CONVERSION = YES;
				CLANG_WARN_DIRECT_OBJC_ISA_USAGE = YES_ERROR;
				CLANG_WARN_DOCUMENTATION_COMMENTS = YES;
				CLANG_WARN_EMPTY_BODY = YES;
				CLANG_WARN_ENUM_CONVERSION = YES;
				CLANG_WARN_INFINITE_RECURSION = YES;
				CLANG_WARN_INT_CONVERSION = YES;
				CLANG_WARN_NON_LITERAL_NULL_CONVERSION = YES;
				CLANG_WARN_OBJC_LITERAL_CONVERSION = YES;
				CLANG_WARN_OBJC_ROOT_CLASS = YES_ERROR;
				CLANG_WARN_RANGE_LOOP_ANALYSIS = YES;
				CLANG_WARN_STRICT_PROTOTYPES = YES;
				CLANG_WARN_SUSPICIOUS_MOVE = YES;
				CLANG_WARN_UNGUARDED_AVAILABILITY = YES_AGGRESSIVE;
				CLANG_WARN_UNREACHABLE_CODE = YES;
				CLANG_WARN__DUPLICATE_METHOD_MATCH = YES;
				CODE_SIGN_IDENTITY = "iPhone Developer";
				COPY_PHASE_STRIP = NO;
				DEBUG_INFORMATION_FORMAT = dwarf;
				ENABLE_STRICT_OBJC_MSGSEND = YES;
				ENABLE_TESTABILITY = YES;
				GCC_C_LANGUAGE_STANDARD = gnu11;
				GCC_DYNAMIC_NO_PIC = NO;
				GCC_NO_COMMON_BLOCKS = YES;
				GCC_OPTIMIZATION_LEVEL = 0;
				GCC_PREPROCESSOR_DEFINITIONS = (
					"DEBUG=1",
					"$(inherited)",
				);
				GCC_WARN_64_TO_32_BIT_CONVERSION = YES;
				GCC_WARN_ABOUT_RETURN_TYPE = YES_ERROR;
				GCC_WARN_UNDECLARED_SELECTOR = YES;
				GCC_WARN_UNINITIALIZED_AUTOS = YES_AGGRESSIVE;
				GCC_WARN_UNUSED_FUNCTION = YES;
				GCC_WARN_UNUSED_VARIABLE = YES;
				IPHONEOS_DEPLOYMENT_TARGET = 11.0;
				MTL_ENABLE_DEBUG_INFO = YES;
				ONLY_ACTIVE_ARCH = YES;
				SDKROOT = iphoneos;
			};
			name = Debug;
		};
		A64420C31F9384F700991F7E /* Release */ = {
			isa = XCBuildConfiguration;
			buildSettings = {
				ALWAYS_SEARCH_USER_PATHS = NO;
				CLANG_ANALYZER_NONNULL = YES;
				CLANG_ANALYZER_NUMBER_OBJECT_CONVERSION = YES_AGGRESSIVE;
				CLANG_CXX_LANGUAGE_STANDARD = "gnu++14";
				CLANG_CXX_LIBRARY = "libc++";
				CLANG_ENABLE_MODULES = YES;
				CLANG_ENABLE_OBJC_ARC = YES;
				CLANG_WARN_BLOCK_CAPTURE_AUTORELEASING = YES;
				CLANG_WARN_BOOL_CONVERSION = YES;
				CLANG_WARN_COMMA = YES;
				CLANG_WARN_CONSTANT_CONVERSION = YES;
				CLANG_WARN_DIRECT_OBJC_ISA_USAGE = YES_ERROR;
				CLANG_WARN_DOCUMENTATION_COMMENTS = YES;
				CLANG_WARN_EMPTY_BODY = YES;
				CLANG_WARN_ENUM_CONVERSION = YES;
				CLANG_WARN_INFINITE_RECURSION = YES;
				CLANG_WARN_INT_CONVERSION = YES;
				CLANG_WARN_NON_LITERAL_NULL_CONVERSION = YES;
				CLANG_WARN_OBJC_LITERAL_CONVERSION = YES;
				CLANG_WARN_OBJC_ROOT_CLASS = YES_ERROR;
				CLANG_WARN_RANGE_LOOP_ANALYSIS = YES;
				CLANG_WARN_STRICT_PROTOTYPES = YES;
				CLANG_WARN_SUSPICIOUS_MOVE = YES;
				CLANG_WARN_UNGUARDED_AVAILABILITY = YES_AGGRESSIVE;
				CLANG_WARN_UNREACHABLE_CODE = YES;
				CLANG_WARN__DUPLICATE_METHOD_MATCH = YES;
				CODE_SIGN_IDENTITY = "iPhone Developer";
				COPY_PHASE_STRIP = NO;
				DEBUG_INFORMATION_FORMAT = "dwarf-with-dsym";
				ENABLE_NS_ASSERTIONS = NO;
				ENABLE_STRICT_OBJC_MSGSEND = YES;
				GCC_C_LANGUAGE_STANDARD = gnu11;
				GCC_NO_COMMON_BLOCKS = YES;
				GCC_WARN_64_TO_32_BIT_CONVERSION = YES;
				GCC_WARN_ABOUT_RETURN_TYPE = YES_ERROR;
				GCC_WARN_UNDECLARED_SELECTOR = YES;
				GCC_WARN_UNINITIALIZED_AUTOS = YES_AGGRESSIVE;
				GCC_WARN_UNUSED_FUNCTION = YES;
				GCC_WARN_UNUSED_VARIABLE = YES;
				IPHONEOS_DEPLOYMENT_TARGET = 11.0;
				MTL_ENABLE_DEBUG_INFO = NO;
				SDKROOT = iphoneos;
				VALIDATE_PRODUCT = YES;
			};
			name = Release;
		};
		A64420C51F9384F700991F7E /* Debug */ = {
			isa = XCBuildConfiguration;
			buildSettings = {
				ASSETCATALOG_COMPILER_APPICON_NAME = AppIcon;
				CODE_SIGN_STYLE = Automatic;
				DEVELOPMENT_TEAM = FH842TBZN3;
				INFOPLIST_FILE = GymLive/Info.plist;
				LD_RUNPATH_SEARCH_PATHS = "$(inherited) @executable_path/Frameworks";
				PRODUCT_BUNDLE_IDENTIFIER = com.matviichuk.GymLive;
				PRODUCT_NAME = "$(TARGET_NAME)";
				TARGETED_DEVICE_FAMILY = "1,2";
			};
			name = Debug;
		};
		A64420C61F9384F700991F7E /* Release */ = {
			isa = XCBuildConfiguration;
			buildSettings = {
				ASSETCATALOG_COMPILER_APPICON_NAME = AppIcon;
				CODE_SIGN_STYLE = Automatic;
				DEVELOPMENT_TEAM = FH842TBZN3;
				INFOPLIST_FILE = GymLive/Info.plist;
				LD_RUNPATH_SEARCH_PATHS = "$(inherited) @executable_path/Frameworks";
				PRODUCT_BUNDLE_IDENTIFIER = com.matviichuk.GymLive;
				PRODUCT_NAME = "$(TARGET_NAME)";
				TARGETED_DEVICE_FAMILY = "1,2";
			};
			name = Release;
		};
/* End XCBuildConfiguration section */

/* Begin XCConfigurationList section */
		A64420A61F9384F700991F7E /* Build configuration list for PBXProject "GymLive" */ = {
			isa = XCConfigurationList;
			buildConfigurations = (
				A64420C21F9384F700991F7E /* Debug */,
				A64420C31F9384F700991F7E /* Release */,
			);
			defaultConfigurationIsVisible = 0;
			defaultConfigurationName = Release;
		};
		A64420C41F9384F700991F7E /* Build configuration list for PBXNativeTarget "GymLive" */ = {
			isa = XCConfigurationList;
			buildConfigurations = (
				A64420C51F9384F700991F7E /* Debug */,
				A64420C61F9384F700991F7E /* Release */,
			);
			defaultConfigurationIsVisible = 0;
			defaultConfigurationName = Release;
		};
/* End XCConfigurationList section */

/* Begin XCVersionGroup section */
		A64420B71F9384F700991F7E /* GymLive.xcdatamodeld */ = {
			isa = XCVersionGroup;
			children = (
				A64420B81F9384F700991F7E /* GymLive.xcdatamodel */,
			);
			currentVersion = A64420B81F9384F700991F7E /* GymLive.xcdatamodel */;
			path = GymLive.xcdatamodeld;
			sourceTree = "<group>";
			versionGroupType = wrapper.xcdatamodel;
		};
/* End XCVersionGroup section */
	};
	rootObject = A64420A31F9384F700991F7E /* Project object */;
}
